
Microsoft Visual Studio Solution File, Format Version 12.00
# Visual Studio 2012
Project("{FAE04EC0-301F-11D3-BF4B-00C04F79EFBC}") = "MonoDevelop.UnitTesting.Expecto", "MonoDevelop.UnitTesting.Expecto\MonoDevelop.UnitTesting.Expecto.csproj", "{0A647BE2-3B59-4A5D-AF56-4A400296B437}"
EndProject
Global
	GlobalSection(SolutionConfigurationPlatforms) = preSolution
		Debug|Any CPU = Debug|Any CPU
		Release|Any CPU = Release|Any CPU
	EndGlobalSection
	GlobalSection(ProjectConfigurationPlatforms) = postSolution
		{0A647BE2-3B59-4A5D-AF56-4A400296B437}.Debug|Any CPU.ActiveCfg = Debug|Any CPU
		{0A647BE2-3B59-4A5D-AF56-4A400296B437}.Debug|Any CPU.Build.0 = Debug|Any CPU
		{0A647BE2-3B59-4A5D-AF56-4A400296B437}.Release|Any CPU.ActiveCfg = Release|Any CPU
		{0A647BE2-3B59-4A5D-AF56-4A400296B437}.Release|Any CPU.Build.0 = Release|Any CPU
	EndGlobalSection
EndGlobal
