
Microsoft Visual Studio Solution File, Format Version 12.00
# Visual Studio 2012
Project("{f2a71f9b-5d33-465a-a702-920d77279786}") = "MonoDevelop.UnitTesting.Expecto", "MonoDevelop.UnitTesting.Expecto\MonoDevelop.UnitTesting.Expecto.fsproj", "{F3C760FD-66A1-4028-8C9F-D619BD393987}"
EndProject
Project("{f2a71f9b-5d33-465a-a702-920d77279786}") = "TestSuite", "TestSuite\TestSuite.fsproj", "{247EFCB8-86EF-4872-8183-6B1C38D738DA}"
EndProject
Project("{f2a71f9b-5d33-465a-a702-920d77279786}") = "Expecto.RunnerServer", "Expecto.RunnerServer\Expecto.RunnerServer.fsproj", "{09097E5C-C54B-4C12-AA14-03CD9C11E087}"
EndProject
Project("{f2a71f9b-5d33-465a-a702-920d77279786}") = "Expecto.RunnerServer.Net461", "Expecto.RunnerServer.Net461\Expecto.RunnerServer.Net461.fsproj", "{4C24A0C2-0B61-4A8F-AB62-6F1F5C70477B}"
EndProject
Global
	GlobalSection(SolutionConfigurationPlatforms) = preSolution
		Debug|Any CPU = Debug|Any CPU
		Release|Any CPU = Release|Any CPU
	EndGlobalSection
	GlobalSection(ProjectConfigurationPlatforms) = postSolution
		{F3C760FD-66A1-4028-8C9F-D619BD393987}.Debug|Any CPU.ActiveCfg = Debug|Any CPU
		{F3C760FD-66A1-4028-8C9F-D619BD393987}.Debug|Any CPU.Build.0 = Debug|Any CPU
		{F3C760FD-66A1-4028-8C9F-D619BD393987}.Release|Any CPU.ActiveCfg = Release|Any CPU
		{F3C760FD-66A1-4028-8C9F-D619BD393987}.Release|Any CPU.Build.0 = Release|Any CPU
		{247EFCB8-86EF-4872-8183-6B1C38D738DA}.Debug|Any CPU.ActiveCfg = Debug|Any CPU
		{247EFCB8-86EF-4872-8183-6B1C38D738DA}.Debug|Any CPU.Build.0 = Debug|Any CPU
		{247EFCB8-86EF-4872-8183-6B1C38D738DA}.Release|Any CPU.ActiveCfg = Release|Any CPU
		{247EFCB8-86EF-4872-8183-6B1C38D738DA}.Release|Any CPU.Build.0 = Release|Any CPU
		{09097E5C-C54B-4C12-AA14-03CD9C11E087}.Debug|Any CPU.ActiveCfg = Debug|Any CPU
		{09097E5C-C54B-4C12-AA14-03CD9C11E087}.Debug|Any CPU.Build.0 = Debug|Any CPU
		{09097E5C-C54B-4C12-AA14-03CD9C11E087}.Release|Any CPU.ActiveCfg = Release|Any CPU
		{09097E5C-C54B-4C12-AA14-03CD9C11E087}.Release|Any CPU.Build.0 = Release|Any CPU
		{4C24A0C2-0B61-4A8F-AB62-6F1F5C70477B}.Debug|Any CPU.ActiveCfg = Debug|Any CPU
		{4C24A0C2-0B61-4A8F-AB62-6F1F5C70477B}.Debug|Any CPU.Build.0 = Debug|Any CPU
		{4C24A0C2-0B61-4A8F-AB62-6F1F5C70477B}.Release|Any CPU.ActiveCfg = Release|Any CPU
		{4C24A0C2-0B61-4A8F-AB62-6F1F5C70477B}.Release|Any CPU.Build.0 = Release|Any CPU
	EndGlobalSection
EndGlobal
